// !$*UTF8*$!
{
	archiveVersion = 1;
	classes = {
	};
	objectVersion = 46;
	objects = {

/* Begin PBXBuildFile section */
		312854971EE7EDB00083FDDB /* main.m in Sources */ = {isa = PBXBuildFile; fileRef = 312854961EE7EDB00083FDDB /* main.m */; };
		3128549A1EE7EDB00083FDDB /* AppDelegate.m in Sources */ = {isa = PBXBuildFile; fileRef = 312854991EE7EDB00083FDDB /* AppDelegate.m */; };
		3128549D1EE7EDB00083FDDB /* ViewController.m in Sources */ = {isa = PBXBuildFile; fileRef = 3128549C1EE7EDB00083FDDB /* ViewController.m */; };
		312854A01EE7EDB00083FDDB /* Main.storyboard in Resources */ = {isa = PBXBuildFile; fileRef = 3128549E1EE7EDB00083FDDB /* Main.storyboard */; };
		312854A31EE7EDB00083FDDB /* LogDeviceInfo.xcdatamodeld in Sources */ = {isa = PBXBuildFile; fileRef = 312854A11EE7EDB00083FDDB /* LogDeviceInfo.xcdatamodeld */; };
		312854A51EE7EDB00083FDDB /* Assets.xcassets in Resources */ = {isa = PBXBuildFile; fileRef = 312854A41EE7EDB00083FDDB /* Assets.xcassets */; };
		312854A81EE7EDB00083FDDB /* LaunchScreen.storyboard in Resources */ = {isa = PBXBuildFile; fileRef = 312854A61EE7EDB00083FDDB /* LaunchScreen.storyboard */; };
		31778CA61F162D2200AB38B3 /* DeviceInformationCollector.m in Sources */ = {isa = PBXBuildFile; fileRef = 31778CA51F162D2200AB38B3 /* DeviceInformationCollector.m */; };
		A4C2D2801F17722700429842 /* IpAddress.m in Sources */ = {isa = PBXBuildFile; fileRef = A4C2D27F1F17722700429842 /* IpAddress.m */; };
/* End PBXBuildFile section */

/* Begin PBXFileReference section */
		312854921EE7EDB00083FDDB /* LogDeviceInfo.app */ = {isa = PBXFileReference; explicitFileType = wrapper.application; includeInIndex = 0; path = LogDeviceInfo.app; sourceTree = BUILT_PRODUCTS_DIR; };
		312854961EE7EDB00083FDDB /* main.m */ = {isa = PBXFileReference; lastKnownFileType = sourcecode.c.objc; path = main.m; sourceTree = "<group>"; };
		312854981EE7EDB00083FDDB /* AppDelegate.h */ = {isa = PBXFileReference; lastKnownFileType = sourcecode.c.h; path = AppDelegate.h; sourceTree = "<group>"; };
		312854991EE7EDB00083FDDB /* AppDelegate.m */ = {isa = PBXFileReference; lastKnownFileType = sourcecode.c.objc; path = AppDelegate.m; sourceTree = "<group>"; };
		3128549B1EE7EDB00083FDDB /* ViewController.h */ = {isa = PBXFileReference; lastKnownFileType = sourcecode.c.h; path = ViewController.h; sourceTree = "<group>"; };
		3128549C1EE7EDB00083FDDB /* ViewController.m */ = {isa = PBXFileReference; lastKnownFileType = sourcecode.c.objc; path = ViewController.m; sourceTree = "<group>"; };
		3128549F1EE7EDB00083FDDB /* Base */ = {isa = PBXFileReference; lastKnownFileType = file.storyboard; name = Base; path = Base.lproj/Main.storyboard; sourceTree = "<group>"; };
		312854A21EE7EDB00083FDDB /* LogDeviceInfo.xcdatamodel */ = {isa = PBXFileReference; lastKnownFileType = wrapper.xcdatamodel; path = LogDeviceInfo.xcdatamodel; sourceTree = "<group>"; };
		312854A41EE7EDB00083FDDB /* Assets.xcassets */ = {isa = PBXFileReference; lastKnownFileType = folder.assetcatalog; path = Assets.xcassets; sourceTree = "<group>"; };
		312854A71EE7EDB00083FDDB /* Base */ = {isa = PBXFileReference; lastKnownFileType = file.storyboard; name = Base; path = Base.lproj/LaunchScreen.storyboard; sourceTree = "<group>"; };
		312854A91EE7EDB00083FDDB /* Info.plist */ = {isa = PBXFileReference; lastKnownFileType = text.plist.xml; path = Info.plist; sourceTree = "<group>"; };
		31778CA41F162D2200AB38B3 /* DeviceInformationCollector.h */ = {isa = PBXFileReference; fileEncoding = 4; lastKnownFileType = sourcecode.c.h; name = DeviceInformationCollector.h; path = Models/DeviceInformationCollector.h; sourceTree = "<group>"; };
		31778CA51F162D2200AB38B3 /* DeviceInformationCollector.m */ = {isa = PBXFileReference; fileEncoding = 4; lastKnownFileType = sourcecode.c.objc; name = DeviceInformationCollector.m; path = Models/DeviceInformationCollector.m; sourceTree = "<group>"; };
		A4C2D27E1F17722700429842 /* IpAddress.h */ = {isa = PBXFileReference; fileEncoding = 4; lastKnownFileType = sourcecode.c.h; name = IpAddress.h; path = Models/IpAddress.h; sourceTree = "<group>"; };
		A4C2D27F1F17722700429842 /* IpAddress.m */ = {isa = PBXFileReference; fileEncoding = 4; lastKnownFileType = sourcecode.c.objc; name = IpAddress.m; path = Models/IpAddress.m; sourceTree = "<group>"; };
/* End PBXFileReference section */

/* Begin PBXFrameworksBuildPhase section */
		3128548F1EE7EDB00083FDDB /* Frameworks */ = {
			isa = PBXFrameworksBuildPhase;
			buildActionMask = 2147483647;
			files = (
			);
			runOnlyForDeploymentPostprocessing = 0;
		};
/* End PBXFrameworksBuildPhase section */

/* Begin PBXGroup section */
		312854891EE7EDB00083FDDB = {
			isa = PBXGroup;
			children = (
				312854941EE7EDB00083FDDB /* LogDeviceInfo */,
				312854931EE7EDB00083FDDB /* Products */,
			);
			sourceTree = "<group>";
		};
		312854931EE7EDB00083FDDB /* Products */ = {
			isa = PBXGroup;
			children = (
				312854921EE7EDB00083FDDB /* LogDeviceInfo.app */,
			);
			name = Products;
			sourceTree = "<group>";
		};
		312854941EE7EDB00083FDDB /* LogDeviceInfo */ = {
			isa = PBXGroup;
			children = (
				31778CA31F162CA300AB38B3 /* Models */,
				312854981EE7EDB00083FDDB /* AppDelegate.h */,
				312854991EE7EDB00083FDDB /* AppDelegate.m */,
				3128549B1EE7EDB00083FDDB /* ViewController.h */,
				3128549C1EE7EDB00083FDDB /* ViewController.m */,
				3128549E1EE7EDB00083FDDB /* Main.storyboard */,
				312854A41EE7EDB00083FDDB /* Assets.xcassets */,
				312854A61EE7EDB00083FDDB /* LaunchScreen.storyboard */,
				312854A91EE7EDB00083FDDB /* Info.plist */,
				312854A11EE7EDB00083FDDB /* LogDeviceInfo.xcdatamodeld */,
				312854951EE7EDB00083FDDB /* Supporting Files */,
			);
			path = LogDeviceInfo;
			sourceTree = "<group>";
		};
		312854951EE7EDB00083FDDB /* Supporting Files */ = {
			isa = PBXGroup;
			children = (
				312854961EE7EDB00083FDDB /* main.m */,
			);
			name = "Supporting Files";
			sourceTree = "<group>";
		};
		31778CA31F162CA300AB38B3 /* Models */ = {
			isa = PBXGroup;
			children = (
				31778CA41F162D2200AB38B3 /* DeviceInformationCollector.h */,
				31778CA51F162D2200AB38B3 /* DeviceInformationCollector.m */,
				A4C2D27E1F17722700429842 /* IpAddress.h */,
				A4C2D27F1F17722700429842 /* IpAddress.m */,
			);
			name = Models;
			sourceTree = "<group>";
		};
/* End PBXGroup section */

/* Begin PBXNativeTarget section */
		312854911EE7EDB00083FDDB /* LogDeviceInfo */ = {
			isa = PBXNativeTarget;
			buildConfigurationList = 312854AC1EE7EDB00083FDDB /* Build configuration list for PBXNativeTarget "LogDeviceInfo" */;
			buildPhases = (
				3128548E1EE7EDB00083FDDB /* Sources */,
				3128548F1EE7EDB00083FDDB /* Frameworks */,
				312854901EE7EDB00083FDDB /* Resources */,
			);
			buildRules = (
			);
			dependencies = (
			);
			name = LogDeviceInfo;
			productName = LogDeviceInfo;
			productReference = 312854921EE7EDB00083FDDB /* LogDeviceInfo.app */;
			productType = "com.apple.product-type.application";
		};
/* End PBXNativeTarget section */

/* Begin PBXProject section */
		3128548A1EE7EDB00083FDDB /* Project object */ = {
			isa = PBXProject;
			attributes = {
				LastUpgradeCheck = 0830;
				ORGANIZATIONNAME = "Dimitar Danailov";
				TargetAttributes = {
					312854911EE7EDB00083FDDB = {
						CreatedOnToolsVersion = 8.3.3;
						ProvisioningStyle = Automatic;
					};
				};
			};
			buildConfigurationList = 3128548D1EE7EDB00083FDDB /* Build configuration list for PBXProject "LogDeviceInfo" */;
			compatibilityVersion = "Xcode 3.2";
			developmentRegion = English;
			hasScannedForEncodings = 0;
			knownRegions = (
				en,
				Base,
			);
			mainGroup = 312854891EE7EDB00083FDDB;
			productRefGroup = 312854931EE7EDB00083FDDB /* Products */;
			projectDirPath = "";
			projectRoot = "";
			targets = (
				312854911EE7EDB00083FDDB /* LogDeviceInfo */,
			);
		};
/* End PBXProject section */

/* Begin PBXResourcesBuildPhase section */
		312854901EE7EDB00083FDDB /* Resources */ = {
			isa = PBXResourcesBuildPhase;
			buildActionMask = 2147483647;
			files = (
				312854A81EE7EDB00083FDDB /* LaunchScreen.storyboard in Resources */,
				312854A51EE7EDB00083FDDB /* Assets.xcassets in Resources */,
				312854A01EE7EDB00083FDDB /* Main.storyboard in Resources */,
			);
			runOnlyForDeploymentPostprocessing = 0;
		};
/* End PBXResourcesBuildPhase section */

/* Begin PBXSourcesBuildPhase section */
		3128548E1EE7EDB00083FDDB /* Sources */ = {
			isa = PBXSourcesBuildPhase;
			buildActionMask = 2147483647;
			files = (
				31778CA61F162D2200AB38B3 /* DeviceInformationCollector.m in Sources */,
				312854A31EE7EDB00083FDDB /* LogDeviceInfo.xcdatamodeld in Sources */,
				3128549D1EE7EDB00083FDDB /* ViewController.m in Sources */,
				A4C2D2801F17722700429842 /* IpAddress.m in Sources */,
				3128549A1EE7EDB00083FDDB /* AppDelegate.m in Sources */,
				312854971EE7EDB00083FDDB /* main.m in Sources */,
			);
			runOnlyForDeploymentPostprocessing = 0;
		};
/* End PBXSourcesBuildPhase section */

/* Begin PBXVariantGroup section */
		3128549E1EE7EDB00083FDDB /* Main.storyboard */ = {
			isa = PBXVariantGroup;
			children = (
				3128549F1EE7EDB00083FDDB /* Base */,
			);
			name = Main.storyboard;
			sourceTree = "<group>";
		};
		312854A61EE7EDB00083FDDB /* LaunchScreen.storyboard */ = {
			isa = PBXVariantGroup;
			children = (
				312854A71EE7EDB00083FDDB /* Base */,
			);
			name = LaunchScreen.storyboard;
			sourceTree = "<group>";
		};
/* End PBXVariantGroup section */

/* Begin XCBuildConfiguration section */
		312854AA1EE7EDB00083FDDB /* Debug */ = {
			isa = XCBuildConfiguration;
			buildSettings = {
				ALWAYS_SEARCH_USER_PATHS = NO;
				CLANG_ANALYZER_NONNULL = YES;
				CLANG_ANALYZER_NUMBER_OBJECT_CONVERSION = YES_AGGRESSIVE;
				CLANG_CXX_LANGUAGE_STANDARD = "gnu++0x";
				CLANG_CXX_LIBRARY = "libc++";
				CLANG_ENABLE_MODULES = YES;
				CLANG_ENABLE_OBJC_ARC = YES;
				CLANG_WARN_BOOL_CONVERSION = YES;
				CLANG_WARN_CONSTANT_CONVERSION = YES;
				CLANG_WARN_DIRECT_OBJC_ISA_USAGE = YES_ERROR;
				CLANG_WARN_DOCUMENTATION_COMMENTS = YES;
				CLANG_WARN_EMPTY_BODY = YES;
				CLANG_WARN_ENUM_CONVERSION = YES;
				CLANG_WARN_INFINITE_RECURSION = YES;
				CLANG_WARN_INT_CONVERSION = YES;
				CLANG_WARN_OBJC_ROOT_CLASS = YES_ERROR;
				CLANG_WARN_SUSPICIOUS_MOVE = YES;
				CLANG_WARN_UNREACHABLE_CODE = YES;
				CLANG_WARN__DUPLICATE_METHOD_MATCH = YES;
				"CODE_SIGN_IDENTITY[sdk=iphoneos*]" = "iPhone Developer";
				COPY_PHASE_STRIP = NO;
				DEBUG_INFORMATION_FORMAT = dwarf;
				ENABLE_STRICT_OBJC_MSGSEND = YES;
				ENABLE_TESTABILITY = YES;
				GCC_C_LANGUAGE_STANDARD = gnu99;
				GCC_DYNAMIC_NO_PIC = NO;
				GCC_NO_COMMON_BLOCKS = YES;
				GCC_OPTIMIZATION_LEVEL = 0;
				GCC_PREPROCESSOR_DEFINITIONS = (
					"DEBUG=1",
					"$(inherited)",
				);
				GCC_WARN_64_TO_32_BIT_CONVERSION = YES;
				GCC_WARN_ABOUT_RETURN_TYPE = YES_ERROR;
				GCC_WARN_UNDECLARED_SELECTOR = YES;
				GCC_WARN_UNINITIALIZED_AUTOS = YES_AGGRESSIVE;
				GCC_WARN_UNUSED_FUNCTION = YES;
				GCC_WARN_UNUSED_VARIABLE = YES;
				IPHONEOS_DEPLOYMENT_TARGET = 10.3;
				MTL_ENABLE_DEBUG_INFO = YES;
				ONLY_ACTIVE_ARCH = YES;
				SDKROOT = iphoneos;
				TARGETED_DEVICE_FAMILY = "1,2";
			};
			name = Debug;
		};
		312854AB1EE7EDB00083FDDB /* Release */ = {
			isa = XCBuildConfiguration;
			buildSettings = {
				ALWAYS_SEARCH_USER_PATHS = NO;
				CLANG_ANALYZER_NONNULL = YES;
				CLANG_ANALYZER_NUMBER_OBJECT_CONVERSION = YES_AGGRESSIVE;
				CLANG_CXX_LANGUAGE_STANDARD = "gnu++0x";
				CLANG_CXX_LIBRARY = "libc++";
				CLANG_ENABLE_MODULES = YES;
				CLANG_ENABLE_OBJC_ARC = YES;
				CLANG_WARN_BOOL_CONVERSION = YES;
				CLANG_WARN_CONSTANT_CONVERSION = YES;
				CLANG_WARN_DIRECT_OBJC_ISA_USAGE = YES_ERROR;
				CLANG_WARN_DOCUMENTATION_COMMENTS = YES;
				CLANG_WARN_EMPTY_BODY = YES;
				CLANG_WARN_ENUM_CONVERSION = YES;
				CLANG_WARN_INFINITE_RECURSION = YES;
				CLANG_WARN_INT_CONVERSION = YES;
				CLANG_WARN_OBJC_ROOT_CLASS = YES_ERROR;
				CLANG_WARN_SUSPICIOUS_MOVE = YES;
				CLANG_WARN_UNREACHABLE_CODE = YES;
				CLANG_WARN__DUPLICATE_METHOD_MATCH = YES;
				"CODE_SIGN_IDENTITY[sdk=iphoneos*]" = "iPhone Developer";
				COPY_PHASE_STRIP = NO;
				DEBUG_INFORMATION_FORMAT = "dwarf-with-dsym";
				ENABLE_NS_ASSERTIONS = NO;
				ENABLE_STRICT_OBJC_MSGSEND = YES;
				GCC_C_LANGUAGE_STANDARD = gnu99;
				GCC_NO_COMMON_BLOCKS = YES;
				GCC_WARN_64_TO_32_BIT_CONVERSION = YES;
				GCC_WARN_ABOUT_RETURN_TYPE = YES_ERROR;
				GCC_WARN_UNDECLARED_SELECTOR = YES;
				GCC_WARN_UNINITIALIZED_AUTOS = YES_AGGRESSIVE;
				GCC_WARN_UNUSED_FUNCTION = YES;
				GCC_WARN_UNUSED_VARIABLE = YES;
				IPHONEOS_DEPLOYMENT_TARGET = 10.3;
				MTL_ENABLE_DEBUG_INFO = NO;
				SDKROOT = iphoneos;
				TARGETED_DEVICE_FAMILY = "1,2";
				VALIDATE_PRODUCT = YES;
			};
			name = Release;
		};
		312854AD1EE7EDB00083FDDB /* Debug */ = {
			isa = XCBuildConfiguration;
			buildSettings = {
				ASSETCATALOG_COMPILER_APPICON_NAME = AppIcon;
				INFOPLIST_FILE = LogDeviceInfo/Info.plist;
				LD_RUNPATH_SEARCH_PATHS = "$(inherited) @executable_path/Frameworks";
				PRODUCT_BUNDLE_IDENTIFIER = dimitar.danaillov.LogDeviceInfo;
				PRODUCT_NAME = "$(TARGET_NAME)";
			};
			name = Debug;
		};
		312854AE1EE7EDB00083FDDB /* Release */ = {
			isa = XCBuildConfiguration;
			buildSettings = {
				ASSETCATALOG_COMPILER_APPICON_NAME = AppIcon;
				INFOPLIST_FILE = LogDeviceInfo/Info.plist;
				LD_RUNPATH_SEARCH_PATHS = "$(inherited) @executable_path/Frameworks";
				PRODUCT_BUNDLE_IDENTIFIER = dimitar.danaillov.LogDeviceInfo;
				PRODUCT_NAME = "$(TARGET_NAME)";
			};
			name = Release;
		};
/* End XCBuildConfiguration section */

/* Begin XCConfigurationList section */
		3128548D1EE7EDB00083FDDB /* Build configuration list for PBXProject "LogDeviceInfo" */ = {
			isa = XCConfigurationList;
			buildConfigurations = (
				312854AA1EE7EDB00083FDDB /* Debug */,
				312854AB1EE7EDB00083FDDB /* Release */,
			);
			defaultConfigurationIsVisible = 0;
			defaultConfigurationName = Release;
		};
		312854AC1EE7EDB00083FDDB /* Build configuration list for PBXNativeTarget "LogDeviceInfo" */ = {
			isa = XCConfigurationList;
			buildConfigurations = (
				312854AD1EE7EDB00083FDDB /* Debug */,
				312854AE1EE7EDB00083FDDB /* Release */,
			);
			defaultConfigurationIsVisible = 0;
			defaultConfigurationName = Release;
		};
/* End XCConfigurationList section */

/* Begin XCVersionGroup section */
		312854A11EE7EDB00083FDDB /* LogDeviceInfo.xcdatamodeld */ = {
			isa = XCVersionGroup;
			children = (
				312854A21EE7EDB00083FDDB /* LogDeviceInfo.xcdatamodel */,
			);
			currentVersion = 312854A21EE7EDB00083FDDB /* LogDeviceInfo.xcdatamodel */;
			path = LogDeviceInfo.xcdatamodeld;
			sourceTree = "<group>";
			versionGroupType = wrapper.xcdatamodel;
		};
/* End XCVersionGroup section */
	};
	rootObject = 3128548A1EE7EDB00083FDDB /* Project object */;
}
